
Microsoft Visual Studio Solution File, Format Version 12.00
# Visual Studio Version 16
VisualStudioVersion = 16.0.30804.86
MinimumVisualStudioVersion = 10.0.40219.1
Project("{FAE04EC0-301F-11D3-BF4B-00C04F79EFBC}") = "Weather", "Weather\Weather.csproj", "{72C91FCF-37B8-47D7-B541-C40AB6FDD7F2}"
EndProject
Global
	GlobalSection(SolutionConfigurationPlatforms) = preSolution
		Debug|Any CPU = Debug|Any CPU
		Release|Any CPU = Release|Any CPU
	EndGlobalSection
	GlobalSection(ProjectConfigurationPlatforms) = postSolution
		{72C91FCF-37B8-47D7-B541-C40AB6FDD7F2}.Debug|Any CPU.ActiveCfg = Debug|Any CPU
		{72C91FCF-37B8-47D7-B541-C40AB6FDD7F2}.Debug|Any CPU.Build.0 = Debug|Any CPU
		{72C91FCF-37B8-47D7-B541-C40AB6FDD7F2}.Release|Any CPU.ActiveCfg = Release|Any CPU
		{72C91FCF-37B8-47D7-B541-C40AB6FDD7F2}.Release|Any CPU.Build.0 = Release|Any CPU
	EndGlobalSection
	GlobalSection(SolutionProperties) = preSolution
		HideSolutionNode = FALSE
	EndGlobalSection
	GlobalSection(ExtensibilityGlobals) = postSolution
		SolutionGuid = {DE684075-8980-49DA-A3BC-A3A9722833F9}
	EndGlobalSection
EndGlobal
